// !$*UTF8*$!
{
	archiveVersion = 1;
	classes = {
	};
	objectVersion = 56;
	objects = {

/* Begin PBXBuildFile section */
		BA3001832A968AA90047949D /* AppDelegate.m in Sources */ = {isa = PBXBuildFile; fileRef = BA3001822A968AA90047949D /* AppDelegate.m */; };
		BA3001862A968AA90047949D /* SceneDelegate.m in Sources */ = {isa = PBXBuildFile; fileRef = BA3001852A968AA90047949D /* SceneDelegate.m */; };
		BA3001892A968AA90047949D /* ViewController.m in Sources */ = {isa = PBXBuildFile; fileRef = BA3001882A968AA90047949D /* ViewController.m */; };
		BA30018C2A968AA90047949D /* Main.storyboard in Resources */ = {isa = PBXBuildFile; fileRef = BA30018A2A968AA90047949D /* Main.storyboard */; };
		BA30018E2A968AAB0047949D /* Assets.xcassets in Resources */ = {isa = PBXBuildFile; fileRef = BA30018D2A968AAB0047949D /* Assets.xcassets */; };
		BA3001912A968AAB0047949D /* LaunchScreen.storyboard in Resources */ = {isa = PBXBuildFile; fileRef = BA30018F2A968AAB0047949D /* LaunchScreen.storyboard */; };
		BA3001942A968AAB0047949D /* main.m in Sources */ = {isa = PBXBuildFile; fileRef = BA3001932A968AAB0047949D /* main.m */; };
		BA30019E2A968AAB0047949D /* MyCalculatorApplicationTests.m in Sources */ = {isa = PBXBuildFile; fileRef = BA30019D2A968AAB0047949D /* MyCalculatorApplicationTests.m */; };
		BA3001A82A968AAB0047949D /* MyCalculatorApplicationUITests.m in Sources */ = {isa = PBXBuildFile; fileRef = BA3001A72A968AAB0047949D /* MyCalculatorApplicationUITests.m */; };
		BA3001AA2A968AAB0047949D /* MyCalculatorApplicationUITestsLaunchTests.m in Sources */ = {isa = PBXBuildFile; fileRef = BA3001A92A968AAB0047949D /* MyCalculatorApplicationUITestsLaunchTests.m */; };
/* End PBXBuildFile section */

/* Begin PBXContainerItemProxy section */
		BA30019A2A968AAB0047949D /* PBXContainerItemProxy */ = {
			isa = PBXContainerItemProxy;
			containerPortal = BA3001762A968AA90047949D /* Project object */;
			proxyType = 1;
			remoteGlobalIDString = BA30017D2A968AA90047949D;
			remoteInfo = MyCalculatorApplication;
		};
		BA3001A42A968AAB0047949D /* PBXContainerItemProxy */ = {
			isa = PBXContainerItemProxy;
			containerPortal = BA3001762A968AA90047949D /* Project object */;
			proxyType = 1;
			remoteGlobalIDString = BA30017D2A968AA90047949D;
			remoteInfo = MyCalculatorApplication;
		};
/* End PBXContainerItemProxy section */

/* Begin PBXFileReference section */
		BA30017E2A968AA90047949D /* MyCalculatorApplication.app */ = {isa = PBXFileReference; explicitFileType = wrapper.application; includeInIndex = 0; path = MyCalculatorApplication.app; sourceTree = BUILT_PRODUCTS_DIR; };
		BA3001812A968AA90047949D /* AppDelegate.h */ = {isa = PBXFileReference; lastKnownFileType = sourcecode.c.h; path = AppDelegate.h; sourceTree = "<group>"; };
		BA3001822A968AA90047949D /* AppDelegate.m */ = {isa = PBXFileReference; lastKnownFileType = sourcecode.c.objc; path = AppDelegate.m; sourceTree = "<group>"; };
		BA3001842A968AA90047949D /* SceneDelegate.h */ = {isa = PBXFileReference; lastKnownFileType = sourcecode.c.h; path = SceneDelegate.h; sourceTree = "<group>"; };
		BA3001852A968AA90047949D /* SceneDelegate.m */ = {isa = PBXFileReference; lastKnownFileType = sourcecode.c.objc; path = SceneDelegate.m; sourceTree = "<group>"; };
		BA3001872A968AA90047949D /* ViewController.h */ = {isa = PBXFileReference; lastKnownFileType = sourcecode.c.h; path = ViewController.h; sourceTree = "<group>"; };
		BA3001882A968AA90047949D /* ViewController.m */ = {isa = PBXFileReference; lastKnownFileType = sourcecode.c.objc; path = ViewController.m; sourceTree = "<group>"; };
		BA30018B2A968AA90047949D /* Base */ = {isa = PBXFileReference; lastKnownFileType = file.storyboard; name = Base; path = Base.lproj/Main.storyboard; sourceTree = "<group>"; };
		BA30018D2A968AAB0047949D /* Assets.xcassets */ = {isa = PBXFileReference; lastKnownFileType = folder.assetcatalog; path = Assets.xcassets; sourceTree = "<group>"; };
		BA3001902A968AAB0047949D /* Base */ = {isa = PBXFileReference; lastKnownFileType = file.storyboard; name = Base; path = Base.lproj/LaunchScreen.storyboard; sourceTree = "<group>"; };
		BA3001922A968AAB0047949D /* Info.plist */ = {isa = PBXFileReference; lastKnownFileType = text.plist.xml; path = Info.plist; sourceTree = "<group>"; };
		BA3001932A968AAB0047949D /* main.m */ = {isa = PBXFileReference; lastKnownFileType = sourcecode.c.objc; path = main.m; sourceTree = "<group>"; };
		BA3001992A968AAB0047949D /* MyCalculatorApplicationTests.xctest */ = {isa = PBXFileReference; explicitFileType = wrapper.cfbundle; includeInIndex = 0; path = MyCalculatorApplicationTests.xctest; sourceTree = BUILT_PRODUCTS_DIR; };
		BA30019D2A968AAB0047949D /* MyCalculatorApplicationTests.m */ = {isa = PBXFileReference; lastKnownFileType = sourcecode.c.objc; path = MyCalculatorApplicationTests.m; sourceTree = "<group>"; };
		BA3001A32A968AAB0047949D /* MyCalculatorApplicationUITests.xctest */ = {isa = PBXFileReference; explicitFileType = wrapper.cfbundle; includeInIndex = 0; path = MyCalculatorApplicationUITests.xctest; sourceTree = BUILT_PRODUCTS_DIR; };
		BA3001A72A968AAB0047949D /* MyCalculatorApplicationUITests.m */ = {isa = PBXFileReference; lastKnownFileType = sourcecode.c.objc; path = MyCalculatorApplicationUITests.m; sourceTree = "<group>"; };
		BA3001A92A968AAB0047949D /* MyCalculatorApplicationUITestsLaunchTests.m */ = {isa = PBXFileReference; lastKnownFileType = sourcecode.c.objc; path = MyCalculatorApplicationUITestsLaunchTests.m; sourceTree = "<group>"; };
/* End PBXFileReference section */

/* Begin PBXFrameworksBuildPhase section */
		BA30017B2A968AA90047949D /* Frameworks */ = {
			isa = PBXFrameworksBuildPhase;
			buildActionMask = 2147483647;
			files = (
			);
			runOnlyForDeploymentPostprocessing = 0;
		};
		BA3001962A968AAB0047949D /* Frameworks */ = {
			isa = PBXFrameworksBuildPhase;
			buildActionMask = 2147483647;
			files = (
			);
			runOnlyForDeploymentPostprocessing = 0;
		};
		BA3001A02A968AAB0047949D /* Frameworks */ = {
			isa = PBXFrameworksBuildPhase;
			buildActionMask = 2147483647;
			files = (
			);
			runOnlyForDeploymentPostprocessing = 0;
		};
/* End PBXFrameworksBuildPhase section */

/* Begin PBXGroup section */
		BA3001752A968AA90047949D = {
			isa = PBXGroup;
			children = (
				BA3001802A968AA90047949D /* MyCalculatorApplication */,
				BA30019C2A968AAB0047949D /* MyCalculatorApplicationTests */,
				BA3001A62A968AAB0047949D /* MyCalculatorApplicationUITests */,
				BA30017F2A968AA90047949D /* Products */,
			);
			sourceTree = "<group>";
		};
		BA30017F2A968AA90047949D /* Products */ = {
			isa = PBXGroup;
			children = (
				BA30017E2A968AA90047949D /* MyCalculatorApplication.app */,
				BA3001992A968AAB0047949D /* MyCalculatorApplicationTests.xctest */,
				BA3001A32A968AAB0047949D /* MyCalculatorApplicationUITests.xctest */,
			);
			name = Products;
			sourceTree = "<group>";
		};
		BA3001802A968AA90047949D /* MyCalculatorApplication */ = {
			isa = PBXGroup;
			children = (
				BA3001812A968AA90047949D /* AppDelegate.h */,
				BA3001822A968AA90047949D /* AppDelegate.m */,
				BA3001842A968AA90047949D /* SceneDelegate.h */,
				BA3001852A968AA90047949D /* SceneDelegate.m */,
				BA3001872A968AA90047949D /* ViewController.h */,
				BA3001882A968AA90047949D /* ViewController.m */,
				BA30018A2A968AA90047949D /* Main.storyboard */,
				BA30018D2A968AAB0047949D /* Assets.xcassets */,
				BA30018F2A968AAB0047949D /* LaunchScreen.storyboard */,
				BA3001922A968AAB0047949D /* Info.plist */,
				BA3001932A968AAB0047949D /* main.m */,
			);
			path = MyCalculatorApplication;
			sourceTree = "<group>";
		};
		BA30019C2A968AAB0047949D /* MyCalculatorApplicationTests */ = {
			isa = PBXGroup;
			children = (
				BA30019D2A968AAB0047949D /* MyCalculatorApplicationTests.m */,
			);
			path = MyCalculatorApplicationTests;
			sourceTree = "<group>";
		};
		BA3001A62A968AAB0047949D /* MyCalculatorApplicationUITests */ = {
			isa = PBXGroup;
			children = (
				BA3001A72A968AAB0047949D /* MyCalculatorApplicationUITests.m */,
				BA3001A92A968AAB0047949D /* MyCalculatorApplicationUITestsLaunchTests.m */,
			);
			path = MyCalculatorApplicationUITests;
			sourceTree = "<group>";
		};
/* End PBXGroup section */

/* Begin PBXNativeTarget section */
		BA30017D2A968AA90047949D /* MyCalculatorApplication */ = {
			isa = PBXNativeTarget;
			buildConfigurationList = BA3001AD2A968AAB0047949D /* Build configuration list for PBXNativeTarget "MyCalculatorApplication" */;
			buildPhases = (
				BA30017A2A968AA90047949D /* Sources */,
				BA30017B2A968AA90047949D /* Frameworks */,
				BA30017C2A968AA90047949D /* Resources */,
			);
			buildRules = (
			);
			dependencies = (
			);
			name = MyCalculatorApplication;
			productName = MyCalculatorApplication;
			productReference = BA30017E2A968AA90047949D /* MyCalculatorApplication.app */;
			productType = "com.apple.product-type.application";
		};
		BA3001982A968AAB0047949D /* MyCalculatorApplicationTests */ = {
			isa = PBXNativeTarget;
			buildConfigurationList = BA3001B02A968AAB0047949D /* Build configuration list for PBXNativeTarget "MyCalculatorApplicationTests" */;
			buildPhases = (
				BA3001952A968AAB0047949D /* Sources */,
				BA3001962A968AAB0047949D /* Frameworks */,
				BA3001972A968AAB0047949D /* Resources */,
			);
			buildRules = (
			);
			dependencies = (
				BA30019B2A968AAB0047949D /* PBXTargetDependency */,
			);
			name = MyCalculatorApplicationTests;
			productName = MyCalculatorApplicationTests;
			productReference = BA3001992A968AAB0047949D /* MyCalculatorApplicationTests.xctest */;
			productType = "com.apple.product-type.bundle.unit-test";
		};
		BA3001A22A968AAB0047949D /* MyCalculatorApplicationUITests */ = {
			isa = PBXNativeTarget;
			buildConfigurationList = BA3001B32A968AAB0047949D /* Build configuration list for PBXNativeTarget "MyCalculatorApplicationUITests" */;
			buildPhases = (
				BA30019F2A968AAB0047949D /* Sources */,
				BA3001A02A968AAB0047949D /* Frameworks */,
				BA3001A12A968AAB0047949D /* Resources */,
			);
			buildRules = (
			);
			dependencies = (
				BA3001A52A968AAB0047949D /* PBXTargetDependency */,
			);
			name = MyCalculatorApplicationUITests;
			productName = MyCalculatorApplicationUITests;
			productReference = BA3001A32A968AAB0047949D /* MyCalculatorApplicationUITests.xctest */;
			productType = "com.apple.product-type.bundle.ui-testing";
		};
/* End PBXNativeTarget section */

/* Begin PBXProject section */
		BA3001762A968AA90047949D /* Project object */ = {
			isa = PBXProject;
			attributes = {
				BuildIndependentTargetsInParallel = 1;
				LastUpgradeCheck = 1430;
				TargetAttributes = {
					BA30017D2A968AA90047949D = {
						CreatedOnToolsVersion = 14.3.1;
					};
					BA3001982A968AAB0047949D = {
						CreatedOnToolsVersion = 14.3.1;
						TestTargetID = BA30017D2A968AA90047949D;
					};
					BA3001A22A968AAB0047949D = {
						CreatedOnToolsVersion = 14.3.1;
						TestTargetID = BA30017D2A968AA90047949D;
					};
				};
			};
			buildConfigurationList = BA3001792A968AA90047949D /* Build configuration list for PBXProject "MyCalculatorApplication" */;
			compatibilityVersion = "Xcode 14.0";
			developmentRegion = en;
			hasScannedForEncodings = 0;
			knownRegions = (
				en,
				Base,
			);
			mainGroup = BA3001752A968AA90047949D;
			productRefGroup = BA30017F2A968AA90047949D /* Products */;
			projectDirPath = "";
			projectRoot = "";
			targets = (
				BA30017D2A968AA90047949D /* MyCalculatorApplication */,
				BA3001982A968AAB0047949D /* MyCalculatorApplicationTests */,
				BA3001A22A968AAB0047949D /* MyCalculatorApplicationUITests */,
			);
		};
/* End PBXProject section */

/* Begin PBXResourcesBuildPhase section */
		BA30017C2A968AA90047949D /* Resources */ = {
			isa = PBXResourcesBuildPhase;
			buildActionMask = 2147483647;
			files = (
				BA3001912A968AAB0047949D /* LaunchScreen.storyboard in Resources */,
				BA30018E2A968AAB0047949D /* Assets.xcassets in Resources */,
				BA30018C2A968AA90047949D /* Main.storyboard in Resources */,
			);
			runOnlyForDeploymentPostprocessing = 0;
		};
		BA3001972A968AAB0047949D /* Resources */ = {
			isa = PBXResourcesBuildPhase;
			buildActionMask = 2147483647;
			files = (
			);
			runOnlyForDeploymentPostprocessing = 0;
		};
		BA3001A12A968AAB0047949D /* Resources */ = {
			isa = PBXResourcesBuildPhase;
			buildActionMask = 2147483647;
			files = (
			);
			runOnlyForDeploymentPostprocessing = 0;
		};
/* End PBXResourcesBuildPhase section */

/* Begin PBXSourcesBuildPhase section */
		BA30017A2A968AA90047949D /* Sources */ = {
			isa = PBXSourcesBuildPhase;
			buildActionMask = 2147483647;
			files = (
				BA3001892A968AA90047949D /* ViewController.m in Sources */,
				BA3001832A968AA90047949D /* AppDelegate.m in Sources */,
				BA3001942A968AAB0047949D /* main.m in Sources */,
				BA3001862A968AA90047949D /* SceneDelegate.m in Sources */,
			);
			runOnlyForDeploymentPostprocessing = 0;
		};
		BA3001952A968AAB0047949D /* Sources */ = {
			isa = PBXSourcesBuildPhase;
			buildActionMask = 2147483647;
			files = (
				BA30019E2A968AAB0047949D /* MyCalculatorApplicationTests.m in Sources */,
			);
			runOnlyForDeploymentPostprocessing = 0;
		};
		BA30019F2A968AAB0047949D /* Sources */ = {
			isa = PBXSourcesBuildPhase;
			buildActionMask = 2147483647;
			files = (
				BA3001A82A968AAB0047949D /* MyCalculatorApplicationUITests.m in Sources */,
				BA3001AA2A968AAB0047949D /* MyCalculatorApplicationUITestsLaunchTests.m in Sources */,
			);
			runOnlyForDeploymentPostprocessing = 0;
		};
/* End PBXSourcesBuildPhase section */

/* Begin PBXTargetDependency section */
		BA30019B2A968AAB0047949D /* PBXTargetDependency */ = {
			isa = PBXTargetDependency;
			target = BA30017D2A968AA90047949D /* MyCalculatorApplication */;
			targetProxy = BA30019A2A968AAB0047949D /* PBXContainerItemProxy */;
		};
		BA3001A52A968AAB0047949D /* PBXTargetDependency */ = {
			isa = PBXTargetDependency;
			target = BA30017D2A968AA90047949D /* MyCalculatorApplication */;
			targetProxy = BA3001A42A968AAB0047949D /* PBXContainerItemProxy */;
		};
/* End PBXTargetDependency section */

/* Begin PBXVariantGroup section */
		BA30018A2A968AA90047949D /* Main.storyboard */ = {
			isa = PBXVariantGroup;
			children = (
				BA30018B2A968AA90047949D /* Base */,
			);
			name = Main.storyboard;
			sourceTree = "<group>";
		};
		BA30018F2A968AAB0047949D /* LaunchScreen.storyboard */ = {
			isa = PBXVariantGroup;
			children = (
				BA3001902A968AAB0047949D /* Base */,
			);
			name = LaunchScreen.storyboard;
			sourceTree = "<group>";
		};
/* End PBXVariantGroup section */

/* Begin XCBuildConfiguration section */
		BA3001AB2A968AAB0047949D /* Debug */ = {
			isa = XCBuildConfiguration;
			buildSettings = {
				ALWAYS_SEARCH_USER_PATHS = NO;
				CLANG_ANALYZER_NONNULL = YES;
				CLANG_ANALYZER_NUMBER_OBJECT_CONVERSION = YES_AGGRESSIVE;
				CLANG_CXX_LANGUAGE_STANDARD = "gnu++20";
				CLANG_ENABLE_MODULES = YES;
				CLANG_ENABLE_OBJC_ARC = YES;
				CLANG_ENABLE_OBJC_WEAK = YES;
				CLANG_WARN_BLOCK_CAPTURE_AUTORELEASING = YES;
				CLANG_WARN_BOOL_CONVERSION = YES;
				CLANG_WARN_COMMA = YES;
				CLANG_WARN_CONSTANT_CONVERSION = YES;
				CLANG_WARN_DEPRECATED_OBJC_IMPLEMENTATIONS = YES;
				CLANG_WARN_DIRECT_OBJC_ISA_USAGE = YES_ERROR;
				CLANG_WARN_DOCUMENTATION_COMMENTS = YES;
				CLANG_WARN_EMPTY_BODY = YES;
				CLANG_WARN_ENUM_CONVERSION = YES;
				CLANG_WARN_INFINITE_RECURSION = YES;
				CLANG_WARN_INT_CONVERSION = YES;
				CLANG_WARN_NON_LITERAL_NULL_CONVERSION = YES;
				CLANG_WARN_OBJC_IMPLICIT_RETAIN_SELF = YES;
				CLANG_WARN_OBJC_LITERAL_CONVERSION = YES;
				CLANG_WARN_OBJC_ROOT_CLASS = YES_ERROR;
				CLANG_WARN_QUOTED_INCLUDE_IN_FRAMEWORK_HEADER = YES;
				CLANG_WARN_RANGE_LOOP_ANALYSIS = YES;
				CLANG_WARN_STRICT_PROTOTYPES = YES;
				CLANG_WARN_SUSPICIOUS_MOVE = YES;
				CLANG_WARN_UNGUARDED_AVAILABILITY = YES_AGGRESSIVE;
				CLANG_WARN_UNREACHABLE_CODE = YES;
				CLANG_WARN__DUPLICATE_METHOD_MATCH = YES;
				COPY_PHASE_STRIP = NO;
				DEBUG_INFORMATION_FORMAT = dwarf;
				ENABLE_STRICT_OBJC_MSGSEND = YES;
				ENABLE_TESTABILITY = YES;
				GCC_C_LANGUAGE_STANDARD = gnu11;
				GCC_DYNAMIC_NO_PIC = NO;
				GCC_NO_COMMON_BLOCKS = YES;
				GCC_OPTIMIZATION_LEVEL = 0;
				GCC_PREPROCESSOR_DEFINITIONS = (
					"DEBUG=1",
					"$(inherited)",
				);
				GCC_WARN_64_TO_32_BIT_CONVERSION = YES;
				GCC_WARN_ABOUT_RETURN_TYPE = YES_ERROR;
				GCC_WARN_UNDECLARED_SELECTOR = YES;
				GCC_WARN_UNINITIALIZED_AUTOS = YES_AGGRESSIVE;
				GCC_WARN_UNUSED_FUNCTION = YES;
				GCC_WARN_UNUSED_VARIABLE = YES;
				IPHONEOS_DEPLOYMENT_TARGET = 16.4;
				MTL_ENABLE_DEBUG_INFO = INCLUDE_SOURCE;
				MTL_FAST_MATH = YES;
				ONLY_ACTIVE_ARCH = YES;
				SDKROOT = iphoneos;
			};
			name = Debug;
		};
		BA3001AC2A968AAB0047949D /* Release */ = {
			isa = XCBuildConfiguration;
			buildSettings = {
				ALWAYS_SEARCH_USER_PATHS = NO;
				CLANG_ANALYZER_NONNULL = YES;
				CLANG_ANALYZER_NUMBER_OBJECT_CONVERSION = YES_AGGRESSIVE;
				CLANG_CXX_LANGUAGE_STANDARD = "gnu++20";
				CLANG_ENABLE_MODULES = YES;
				CLANG_ENABLE_OBJC_ARC = YES;
				CLANG_ENABLE_OBJC_WEAK = YES;
				CLANG_WARN_BLOCK_CAPTURE_AUTORELEASING = YES;
				CLANG_WARN_BOOL_CONVERSION = YES;
				CLANG_WARN_COMMA = YES;
				CLANG_WARN_CONSTANT_CONVERSION = YES;
				CLANG_WARN_DEPRECATED_OBJC_IMPLEMENTATIONS = YES;
				CLANG_WARN_DIRECT_OBJC_ISA_USAGE = YES_ERROR;
				CLANG_WARN_DOCUMENTATION_COMMENTS = YES;
				CLANG_WARN_EMPTY_BODY = YES;
				CLANG_WARN_ENUM_CONVERSION = YES;
				CLANG_WARN_INFINITE_RECURSION = YES;
				CLANG_WARN_INT_CONVERSION = YES;
				CLANG_WARN_NON_LITERAL_NULL_CONVERSION = YES;
				CLANG_WARN_OBJC_IMPLICIT_RETAIN_SELF = YES;
				CLANG_WARN_OBJC_LITERAL_CONVERSION = YES;
				CLANG_WARN_OBJC_ROOT_CLASS = YES_ERROR;
				CLANG_WARN_QUOTED_INCLUDE_IN_FRAMEWORK_HEADER = YES;
				CLANG_WARN_RANGE_LOOP_ANALYSIS = YES;
				CLANG_WARN_STRICT_PROTOTYPES = YES;
				CLANG_WARN_SUSPICIOUS_MOVE = YES;
				CLANG_WARN_UNGUARDED_AVAILABILITY = YES_AGGRESSIVE;
				CLANG_WARN_UNREACHABLE_CODE = YES;
				CLANG_WARN__DUPLICATE_METHOD_MATCH = YES;
				COPY_PHASE_STRIP = NO;
				DEBUG_INFORMATION_FORMAT = "dwarf-with-dsym";
				ENABLE_NS_ASSERTIONS = NO;
				ENABLE_STRICT_OBJC_MSGSEND = YES;
				GCC_C_LANGUAGE_STANDARD = gnu11;
				GCC_NO_COMMON_BLOCKS = YES;
				GCC_WARN_64_TO_32_BIT_CONVERSION = YES;
				GCC_WARN_ABOUT_RETURN_TYPE = YES_ERROR;
				GCC_WARN_UNDECLARED_SELECTOR = YES;
				GCC_WARN_UNINITIALIZED_AUTOS = YES_AGGRESSIVE;
				GCC_WARN_UNUSED_FUNCTION = YES;
				GCC_WARN_UNUSED_VARIABLE = YES;
				IPHONEOS_DEPLOYMENT_TARGET = 16.4;
				MTL_ENABLE_DEBUG_INFO = NO;
				MTL_FAST_MATH = YES;
				SDKROOT = iphoneos;
				VALIDATE_PRODUCT = YES;
			};
			name = Release;
		};
		BA3001AE2A968AAB0047949D /* Debug */ = {
			isa = XCBuildConfiguration;
			buildSettings = {
				ASSETCATALOG_COMPILER_APPICON_NAME = AppIcon;
				ASSETCATALOG_COMPILER_GLOBAL_ACCENT_COLOR_NAME = AccentColor;
				CODE_SIGN_STYLE = Automatic;
				CURRENT_PROJECT_VERSION = 1;
				GENERATE_INFOPLIST_FILE = YES;
				INFOPLIST_FILE = MyCalculatorApplication/Info.plist;
				INFOPLIST_KEY_UIApplicationSupportsIndirectInputEvents = YES;
				INFOPLIST_KEY_UILaunchStoryboardName = LaunchScreen;
				INFOPLIST_KEY_UIMainStoryboardFile = Main;
				INFOPLIST_KEY_UISupportedInterfaceOrientations_iPad = "UIInterfaceOrientationPortrait UIInterfaceOrientationPortraitUpsideDown UIInterfaceOrientationLandscapeLeft UIInterfaceOrientationLandscapeRight";
				INFOPLIST_KEY_UISupportedInterfaceOrientations_iPhone = "UIInterfaceOrientationPortrait UIInterfaceOrientationLandscapeLeft UIInterfaceOrientationLandscapeRight";
				LD_RUNPATH_SEARCH_PATHS = (
					"$(inherited)",
					"@executable_path/Frameworks",
				);
				MARKETING_VERSION = 1.0;
				PRODUCT_BUNDLE_IDENTIFIER = HenryCalderon.MyCalculatorApplication;
				PRODUCT_NAME = "$(TARGET_NAME)";
				SWIFT_EMIT_LOC_STRINGS = YES;
				TARGETED_DEVICE_FAMILY = "1,2";
			};
			name = Debug;
		};
		BA3001AF2A968AAB0047949D /* Release */ = {
			isa = XCBuildConfiguration;
			buildSettings = {
				ASSETCATALOG_COMPILER_APPICON_NAME = AppIcon;
				ASSETCATALOG_COMPILER_GLOBAL_ACCENT_COLOR_NAME = AccentColor;
				CODE_SIGN_STYLE = Automatic;
				CURRENT_PROJECT_VERSION = 1;
				GENERATE_INFOPLIST_FILE = YES;
				INFOPLIST_FILE = MyCalculatorApplication/Info.plist;
				INFOPLIST_KEY_UIApplicationSupportsIndirectInputEvents = YES;
				INFOPLIST_KEY_UILaunchStoryboardName = LaunchScreen;
				INFOPLIST_KEY_UIMainStoryboardFile = Main;
				INFOPLIST_KEY_UISupportedInterfaceOrientations_iPad = "UIInterfaceOrientationPortrait UIInterfaceOrientationPortraitUpsideDown UIInterfaceOrientationLandscapeLeft UIInterfaceOrientationLandscapeRight";
				INFOPLIST_KEY_UISupportedInterfaceOrientations_iPhone = "UIInterfaceOrientationPortrait UIInterfaceOrientationLandscapeLeft UIInterfaceOrientationLandscapeRight";
				LD_RUNPATH_SEARCH_PATHS = (
					"$(inherited)",
					"@executable_path/Frameworks",
				);
				MARKETING_VERSION = 1.0;
				PRODUCT_BUNDLE_IDENTIFIER = HenryCalderon.MyCalculatorApplication;
				PRODUCT_NAME = "$(TARGET_NAME)";
				SWIFT_EMIT_LOC_STRINGS = YES;
				TARGETED_DEVICE_FAMILY = "1,2";
			};
			name = Release;
		};
		BA3001B12A968AAB0047949D /* Debug */ = {
			isa = XCBuildConfiguration;
			buildSettings = {
				BUNDLE_LOADER = "$(TEST_HOST)";
				CODE_SIGN_STYLE = Automatic;
				CURRENT_PROJECT_VERSION = 1;
				GENERATE_INFOPLIST_FILE = YES;
				IPHONEOS_DEPLOYMENT_TARGET = 16.4;
				MARKETING_VERSION = 1.0;
				PRODUCT_BUNDLE_IDENTIFIER = HenryCalderon.MyCalculatorApplicationTests;
				PRODUCT_NAME = "$(TARGET_NAME)";
				SWIFT_EMIT_LOC_STRINGS = NO;
				TARGETED_DEVICE_FAMILY = "1,2";
				TEST_HOST = "$(BUILT_PRODUCTS_DIR)/MyCalculatorApplication.app/$(BUNDLE_EXECUTABLE_FOLDER_PATH)/MyCalculatorApplication";
			};
			name = Debug;
		};
		BA3001B22A968AAB0047949D /* Release */ = {
			isa = XCBuildConfiguration;
			buildSettings = {
				BUNDLE_LOADER = "$(TEST_HOST)";
				CODE_SIGN_STYLE = Automatic;
				CURRENT_PROJECT_VERSION = 1;
				GENERATE_INFOPLIST_FILE = YES;
				IPHONEOS_DEPLOYMENT_TARGET = 16.4;
				MARKETING_VERSION = 1.0;
				PRODUCT_BUNDLE_IDENTIFIER = HenryCalderon.MyCalculatorApplicationTests;
				PRODUCT_NAME = "$(TARGET_NAME)";
				SWIFT_EMIT_LOC_STRINGS = NO;
				TARGETED_DEVICE_FAMILY = "1,2";
				TEST_HOST = "$(BUILT_PRODUCTS_DIR)/MyCalculatorApplication.app/$(BUNDLE_EXECUTABLE_FOLDER_PATH)/MyCalculatorApplication";
			};
			name = Release;
		};
		BA3001B42A968AAB0047949D /* Debug */ = {
			isa = XCBuildConfiguration;
			buildSettings = {
				CODE_SIGN_STYLE = Automatic;
				CURRENT_PROJECT_VERSION = 1;
				GENERATE_INFOPLIST_FILE = YES;
				MARKETING_VERSION = 1.0;
				PRODUCT_BUNDLE_IDENTIFIER = HenryCalderon.MyCalculatorApplicationUITests;
				PRODUCT_NAME = "$(TARGET_NAME)";
				SWIFT_EMIT_LOC_STRINGS = NO;
				TARGETED_DEVICE_FAMILY = "1,2";
				TEST_TARGET_NAME = MyCalculatorApplication;
			};
			name = Debug;
		};
		BA3001B52A968AAB0047949D /* Release */ = {
			isa = XCBuildConfiguration;
			buildSettings = {
				CODE_SIGN_STYLE = Automatic;
				CURRENT_PROJECT_VERSION = 1;
				GENERATE_INFOPLIST_FILE = YES;
				MARKETING_VERSION = 1.0;
				PRODUCT_BUNDLE_IDENTIFIER = HenryCalderon.MyCalculatorApplicationUITests;
				PRODUCT_NAME = "$(TARGET_NAME)";
				SWIFT_EMIT_LOC_STRINGS = NO;
				TARGETED_DEVICE_FAMILY = "1,2";
				TEST_TARGET_NAME = MyCalculatorApplication;
			};
			name = Release;
		};
/* End XCBuildConfiguration section */

/* Begin XCConfigurationList section */
		BA3001792A968AA90047949D /* Build configuration list for PBXProject "MyCalculatorApplication" */ = {
			isa = XCConfigurationList;
			buildConfigurations = (
				BA3001AB2A968AAB0047949D /* Debug */,
				BA3001AC2A968AAB0047949D /* Release */,
			);
			defaultConfigurationIsVisible = 0;
			defaultConfigurationName = Release;
		};
		BA3001AD2A968AAB0047949D /* Build configuration list for PBXNativeTarget "MyCalculatorApplication" */ = {
			isa = XCConfigurationList;
			buildConfigurations = (
				BA3001AE2A968AAB0047949D /* Debug */,
				BA3001AF2A968AAB0047949D /* Release */,
			);
			defaultConfigurationIsVisible = 0;
			defaultConfigurationName = Release;
		};
		BA3001B02A968AAB0047949D /* Build configuration list for PBXNativeTarget "MyCalculatorApplicationTests" */ = {
			isa = XCConfigurationList;
			buildConfigurations = (
				BA3001B12A968AAB0047949D /* Debug */,
				BA3001B22A968AAB0047949D /* Release */,
			);
			defaultConfigurationIsVisible = 0;
			defaultConfigurationName = Release;
		};
		BA3001B32A968AAB0047949D /* Build configuration list for PBXNativeTarget "MyCalculatorApplicationUITests" */ = {
			isa = XCConfigurationList;
			buildConfigurations = (
				BA3001B42A968AAB0047949D /* Debug */,
				BA3001B52A968AAB0047949D /* Release */,
			);
			defaultConfigurationIsVisible = 0;
			defaultConfigurationName = Release;
		};
/* End XCConfigurationList section */
	};
	rootObject = BA3001762A968AA90047949D /* Project object */;
}
